absl-py==2.4.0 --hash=sha256:88476fd881ca8aab94ffa78b7b6c632a782ab3ba1cd19c9bd423abc4fb4cd28d
aiohappyeyeballs==2.7.1 --hash=sha256:9243213661e29250eb41368e5daa826fc017156c3b8a11440826b2e3ed376472
aiohttp==3.14.1 --hash=sha256:634e385930fb6d2d479cf3aa66515955863b77a5e3c2b5894ca259a25b308602
aiosignal==1.4.0 --hash=sha256:053243f8b92b990551949e63930a839ff0cf0b0ebbe0597b0f3fb19e1a0fe82e
ale-py==0.12.0 --hash=sha256:0006ef4f580f536bdea2368b85005c6598cf0c1aea729e3c373414c625ecebd4
annotated-doc==0.0.4 --hash=sha256:571ac1dc6991c450b25a9c2d84a3705e2ae7a53467b5d111c24fa8baabbed320
annotated-types==0.7.0 --hash=sha256:1f02e8b43a8fbbc3f3e0d4f0f4bfc8131bcb4eebe8849b8e5c773f3a1c582a53
antlr4-python3-runtime==4.9.3 --hash=sha256:f224469b4168294902bb1efa80a8bf7855f24c99aef99cbefc1bcd3cce77881b
anyio==4.14.1 --hash=sha256:4e5533c5b8ff0a24f5d7a176cbe6877129cd183893f66b537f8f227d10527d72
attrs==26.1.0 --hash=sha256:c647aa4a12dfbad9333ca4e71fe62ddc36f4e63b2d260a37a8b83d2f043ac309
boto3==1.43.26 --hash=sha256:7c88bfbde6abcf062d04ac410a1cf4eaf8675f025f35f3ad9accc9b0224ce6b9
botocore==1.43.26 --hash=sha256:eeb92265bae289555182a46341c998a656ab49c0dbdb762c65b30fe354fcc9e8
breakout-turbo-env==0.3.4 --hash=sha256:95f520064138963eb6010eb9df58f8367f6200e1e0aed993151c04bc831c8af7
captum==0.9.0 --hash=sha256:cda38e1d42c37591d71560bb2f5813ac4cae8d8543afac45279c7efd5945997e
cbor2==6.1.3 --hash=sha256:ad4f3c6dfc6b83331eb04c6975efb2839ab65a3aa81502bc2b3f7945d4c4aa44
certifi==2026.5.20 --hash=sha256:3c52e209ba0a4ad7aebe60436a4ab349c39e1e602e8c134221e546902ad25897
charset-normalizer==3.4.7 --hash=sha256:bd6c2a1c7573c64738d716488d2cdd3c00e340e4835707d8fdb8dc1a66ef164e
click==8.4.2 --hash=sha256:e6f9f66136c816745b9d65817da91d61d957fb16e02e4dcd0552553c5a197b76
cloudpickle==3.1.2 --hash=sha256:9acb47f6afd73f60dc1df93bb801b472f05ff42fa6c84167d25cb206be1fbf4a
contourpy==1.3.3 --hash=sha256:f64836de09927cba6f79dcd00fdd7d5329f3fccc633468507079c829ca4db4e3
cycler==0.12.1 --hash=sha256:85cef7cff222d8644161529808465972e51340599459b8ac3ccbac5a854e0d30
farama-notifications==0.0.6 --hash=sha256:f84839188efa1ce5bb361c2a84881b2dc2c0d0d7fb661ff00421820170930935
filelock==3.29.1 --hash=sha256:85199dfd706869641b72b2e8955d5416a4b2b7dc4b0e8e6d97b4cc1299a6983b
fonttools==4.63.0 --hash=sha256:308f957cdeaf8abe4e5f2f124902ef405448af92c90f80e302a3b771c2e6116b
frozenlist==1.8.0 --hash=sha256:cba69cb73723c3f329622e34bdbf5ce1f80c21c290ff04256cff1cd3c2036ed2
fsspec==2026.4.0 --hash=sha256:11ef7bb35dab8a394fde6e608221d5cf3e8499401c249bebaeaad760a1a8dec2
gitdb==4.0.12 --hash=sha256:67073e15955400952c6565cc3e707c554a4eea2e428946f7a4c162fab9bd9bcf
gitpython==3.1.50 --hash=sha256:d352abe2908d07355014abdd21ddf798c2a961469239afec4962e9da884858f9
grpcio==1.81.0 --hash=sha256:c4fe218c5a35e1d87a5a26544237f1fa41dfd9cbd3c856b0810a30061f8b0aaf
grpclib==0.4.9 --hash=sha256:7762ec1c8ed94dfad597475152dd35cbd11aecaaca2f243e29702435ca24cf0e
gymnasium==1.2.3 --hash=sha256:e6314bba8f549c7fdcc8677f7cd786b64908af6e79b57ddaa5ce1825bffb5373
h11==0.16.0 --hash=sha256:63cf8bbe7522de3bf65932fda1d9c2772064ffb3dae62d55932da54b31cb6c86
h2==4.3.0 --hash=sha256:c438f029a25f7945c69e0ccf0fb951dc3f73a5f6412981daee861431b70e2bdd
hf-xet==1.5.1 --hash=sha256:892e3a3a3aecc12aded8b93cf4f9cd059282c7de0732f7d55026f3abdf474350
hpack==4.2.0 --hash=sha256:858ac0b02280fa582b5080d68db0899c62a80375e0e5413a74970c5e518b6986
httpcore==1.0.9 --hash=sha256:2d400746a40668fc9dec9810239072b40b4484b640a8c38fd654a024c7a1bf55
httpx==0.28.1 --hash=sha256:d909fcccc110f8c7faf814ca82a9a4d816bc5a6dbfea25d6591d6985b8ba59ad
huggingface-hub==1.21.0 --hash=sha256:eadaa3678c512c82aea69e8675d90a184861e68de32f1105668628b4dce0e7cd
hydra-core==1.3.3 --hash=sha256:cf349fc393f486f250e5825592c3d0a50c0af3effd726cf8dd5b637a7cb464e3
hyperframe==6.1.0 --hash=sha256:b03380493a519fce58ea5af42e4a42317bf9bd425596f7a0835ffce80f1a42e5
idna==3.18 --hash=sha256:7f952cbe720b688055e3f87de14f5c3e5fdaa8bc3928985c4077ca689de849a2
jinja2==3.1.6 --hash=sha256:85ece4451f492d0c13c5dd7c13a64681a86afae63a5f347908daf103ce6d2f67
jmespath==1.1.0 --hash=sha256:a5663118de4908c91729bea0acadca56526eb2698e83de10cd116ae0f4e97c64
kiwisolver==1.5.0 --hash=sha256:80aa065ffd378ff784822a6d7c3212f2d5f5e9c3589614b5c228b311fd3063ac
linkify-it-py==2.1.0 --hash=sha256:0d252c1594ecba2ecedc444053db5d3a9b7ec1b0dd929c8f1d74dce89f86c05e
llvmlite==0.47.0 --hash=sha256:ddbccff2aeaff8670368340a158abefc032fe9b3ccf7d9c496639263d00151aa
markdown==3.10.2 --hash=sha256:e91464b71ae3ee7afd3017d9f358ef0baf158fd9a298db92f1d4761133824c36
markdown-it-py==4.2.0 --hash=sha256:9f7ebbcd14fe59494226453aed97c1070d83f8d24b6fc3a3bcf9a38092641c4a
markupsafe==3.0.3 --hash=sha256:457a69a9577064c05a97c41f4e65148652db078a3a509039e64d3467b9e7ef97
matplotlib==3.10.9 --hash=sha256:34cf8167e023ad956c15f36302911d5406bd99a9862c1a8499ea6f7c0e015dc2
mdit-py-plugins==0.6.1 --hash=sha256:214c82fb2ac524472ab6a5bcab1de80f73b50443e187f401bfd77efbc7c6481d
mdurl==0.1.2 --hash=sha256:84008a41e51615a49fc9966191ff91509e3c40b939176e643fd50a5c2196b8f8
modal==1.5.1 --hash=sha256:49aeda1a4fafc71994c3aa63d3e2321419b586de0303113fa5bfc68f31ad5c95
mpmath==1.3.0 --hash=sha256:a0b2b9fe80bbcd81a6647ff13108738cfb482d481d826cc0e02f5b35e5c88d2c
multidict==6.7.1 --hash=sha256:7eee46ccb30ff48a1e35bb818cc90846c6be2b68240e42a78599166722cea709
networkx==3.6.1 --hash=sha256:d47fbf302e7d9cbbb9e2555a0d267983d2aa476bac30e90dfbe5669bd57f3762
numba==0.65.1 --hash=sha256:71e73029bf53a62cc6afcf96be4bd942290d8b4c55f0a454fb536158115790f7
numpy==2.4.6 --hash=sha256:a2c306dea656c12c68f51f4cea133cbe78ca7435eb28c735eac1d3ebe73be6e8
omegaconf==2.3.1 --hash=sha256:3d701d14e9a8828f1edd28bb70b725908b34277cdd72cf7d6a83f94dadc6b6a0
opencv-python==4.13.0.92 --hash=sha256:620d602b8f7d8b8dab5f4b99c6eb353e78d3fb8b0f53db1bd258bb1aa001c1d5
packaging==25.0 --hash=sha256:29572ef2b1f17581046b3a2227d5c611fb25ec70ca1ba8554b24b0e69331a484
pandas==3.0.3 --hash=sha256:9d71c63ae4ebdbf70209742096f1fc46a83a0613c99d4b23766cced9ff8cd62a
pillow==12.2.0 --hash=sha256:4bfd07bc812fbd20395212969e41931001fd59eb55a60658b0e5710872e95286
platformdirs==4.10.0 --hash=sha256:fb516cdb12eb0d857d0cd85a7c57cea4d060bee4578d6cf5a14dfdf8cbf8784a
propcache==0.5.2 --hash=sha256:e00820e192c8dbebcafb383ebbf99030895f09905e7a0eb2e0340a0bcc2bc825
protobuf==6.33.6 --hash=sha256:e9db7e292e0ab79dd108d7f1a94fe31601ce1ee3f7b79e0692043423020b0593
psutil==7.2.2 --hash=sha256:076a2d2f923fd4821644f5ba89f059523da90dc9014e85f8e45a5774ca5bc6f9
psycopg2-binary==2.9.12 --hash=sha256:863f5d12241ebe1c76a72a04c2113b6dc905f90b9cef0e9be0efd994affd9354
pydantic==2.13.4 --hash=sha256:45a282cde31d808236fd7ea9d919b128653c8b38b393d1c4ab335c62924d9aba
pydantic-core==2.46.4 --hash=sha256:7a5f930472650a82629163023e630d160863fce524c616f4e5186e5de9d9a49b
pygame-ce==2.5.7 --hash=sha256:5c1ed4100311015cc67d24fe4e4d7c2f4cb25c34e043545061271c1d018c02d4
pyglet==1.5.31 --hash=sha256:f68413564bbec380e4815898fef0fb7a4a494dc3f8718bfbf28ce2a802634c88
pygments==2.20.0 --hash=sha256:81a9e26dd42fd28a23a2d169d86d7ac03b46e2f8b59ed4698fb4785f946d0176
pyparsing==3.3.2 --hash=sha256:850ba148bd908d7e2411587e247a1e4f0327839c40e2e5e6d05a007ecc69911d
python-dateutil==2.9.0.post0 --hash=sha256:a8b2bc7bffae282281c8140a97d3aa9c14da0b136dfe83f850eea9a5f7470427
pyyaml==6.0.3 --hash=sha256:c458b6d084f9b935061bc36216e8a69a7e293a2f1e68bf956dcd9e6cbcd143f5
requests==2.34.2 --hash=sha256:2a0d60c172f83ac6ab31e4554906c0f3b3588d37b5cb939b1c061f4907e278e0
rich==15.0.0 --hash=sha256:33bd4ef74232fb73fe9279a257718407f169c09b78a87ad3d296f548e27de0bb
s3transfer==0.18.0 --hash=sha256:239c13b09e65ad0346e1be7348b8a202dcad44ac7ea7c6eb858fc881dce739b6
sentry-sdk==2.61.1 --hash=sha256:fa36eaf4b8ad708f718500d4bdcc1532637526a22beb874d88cbc0a46458b5ae
setuptools==81.0.0 --hash=sha256:fdd925d5c5d9f62e4b74b30d6dd7828ce236fd6ed998a08d81de62ce5a6310d6
shellingham==1.5.4 --hash=sha256:7ecfff8f2fd72616f7481040475a65b2bf8af90a56c89140852d1120324e8686
six==1.17.0 --hash=sha256:4721f391ed90541fddacab5acf947aa0d3dc7d27b2e1e8eda2be8970586c3274
smmap==5.0.3 --hash=sha256:c106e05d5a61449cf6ba9a1e650227ecfb141590d2a98412103ff35d89fc7b2f
stable-baselines3==2.8.0 --hash=sha256:8c19d960b534a909f46dac5227662fc2d6be380e5c66cb04e1ad23edb23dc5a2
stable-retro-turbo==1.0.1.post33 --hash=sha256:337745072e86e3b3ca77db7e20c651abcd390cd3da2608bf17668c94b4b2ecd8
supermariobrosnes-turbo==0.3.5 --hash=sha256:96c710b95037952b729449800362c62d995d17cd4c6572c3b70b612baf9576ed
sympy==1.14.0 --hash=sha256:e091cc3e99d2141a0ba2847328f5479b05d94a6635cb96148ccb3f34671bd8f5
synchronicity==0.12.5 --hash=sha256:fdbbb10d437bc08a6b0f814fc66fddd1b58ffed314533d42f1ab555801e781af
tensorboard==2.20.0 --hash=sha256:9dc9f978cb84c0723acf9a345d96c184f0293d18f166bb8d59ee098e6cfaaba6
tensorboard-data-server==0.7.2 --hash=sha256:7e0610d205889588983836ec05dc098e80f97b7e7bbff7e994ebb78f578d0ddb
textual==8.2.8 --hash=sha256:267375fd402dc8d981457212efa71f0e3365fd17bba144ba9bb3ed7563cb374a
toml==0.10.2 --hash=sha256:806143ae5bfb6a3c6e736a764057db0e6a0e05e338b5630894a5f779cabb4f9b
tqdm==4.68.1 --hash=sha256:fea4a90e4023f764914569f7802a297277c5ab1a66be5144143e142e1a4031d8
typer==0.25.1 --hash=sha256:75caa44ed46a03fb2dab8808753ffacdbfea88495e74c85a28c5eefcf5f39c89
types-certifi==2021.10.8.3 --hash=sha256:b2d1e325e69f71f7c78e5943d410e650b4707bb0ef32e4ddf3da37f54176e88a
types-toml==0.10.8.20260518 --hash=sha256:0e564ab05f6fde62a315b3b5a9b6624fda569399795d30a37e64705a70459303
typing-extensions==4.15.0 --hash=sha256:f0fa19c6845758ab08074a0cfa8b7aecb71c999ca73d62883bc25cc018c4e548
typing-inspection==0.4.2 --hash=sha256:4ed1cacbdc298c220f1bd249ed5287caa16f34d44ef4e9c3d0cbad5b521545e7
uc-micro-py==2.0.0 --hash=sha256:3603a3859af53e5a39bc7677713c78ea6589ff188d70f4fee165db88e22b242c
urllib3==2.7.0 --hash=sha256:9fb4c81ebbb1ce9531cce37674bbc6f1360472bc18ca9a553ede278ef7276897
wandb==0.22.3 --hash=sha256:23f3ebe41a26506117a098fdfd2706ed0e50b37899bfbefe3a0628fcbd70c69d
watchfiles==1.2.0 --hash=sha256:054dc20fd2e3132b4c3883b4a00d72fd6e1f56fdaf89fccd12e8057d74cd74d7
werkzeug==3.1.8 --hash=sha256:63a77fb8892bf28ebc3178683445222aa500e48ebad5ec77b0ad80f8726b1f50
yarl==1.24.2 --hash=sha256:e51b2cf5ec89a8b8470177641ed62a3ba22d74e1e898e06ad53aa77972487208
